
Microsoft Visual Studio Solution File, Format Version 12.00
# Visual Studio Version 16
VisualStudioVersion = 16.0.30717.126
MinimumVisualStudioVersion = 10.0.40219.1
Project("{9A19103F-16F7-4668-BE54-9A1E7A4F7556}") = "Gdxx.Authorization", "Gdxx.Authorization\Gdxx.Authorization.csproj", "{877A7D33-AB1C-4928-9D64-390931B16F1B}"
EndProject
Project("{FAE04EC0-301F-11D3-BF4B-00C04F79EFBC}") = "Gdxx.ConsoleDemo", "Gdxx.ConsoleDemo\Gdxx.ConsoleDemo.csproj", "{2F16B04C-6FAD-406A-832C-15D5AD4D5C9B}"
EndProject
Project("{2150E333-8FDC-42A3-9474-1A3956D46DE8}") = "Modbus", "Modbus", "{5CF52AC0-C2F2-47EF-9530-12B04D4D29CB}"
EndProject
Project("{2150E333-8FDC-42A3-9474-1A3956D46DE8}") = "Authorization", "Authorization", "{B00F4833-659E-4249-B1E6-229D41AC7051}"
EndProject
Project("{FAE04EC0-301F-11D3-BF4B-00C04F79EFBC}") = "ModbusDemo", "ModbusDemo\ModbusDemo.csproj", "{3731A65E-17A0-4902-9BB0-C4719AF038B4}"
EndProject
Project("{FAE04EC0-301F-11D3-BF4B-00C04F79EFBC}") = "ModbusServiceDemo", "ModbusServiceDemo\ModbusServiceDemo.csproj", "{10AC6623-7204-4506-944E-AE09A7C94C9D}"
EndProject
Project("{FAE04EC0-301F-11D3-BF4B-00C04F79EFBC}") = "Gdxx.Modbus", "Gdxx.Modbus\Gdxx.Modbus.csproj", "{7E946356-B621-4FB2-9B9D-3A7D7347F151}"
EndProject
Global
	GlobalSection(SolutionConfigurationPlatforms) = preSolution
		Debug|Any CPU = Debug|Any CPU
		Release|Any CPU = Release|Any CPU
	EndGlobalSection
	GlobalSection(ProjectConfigurationPlatforms) = postSolution
		{877A7D33-AB1C-4928-9D64-390931B16F1B}.Debug|Any CPU.ActiveCfg = Debug|Any CPU
		{877A7D33-AB1C-4928-9D64-390931B16F1B}.Debug|Any CPU.Build.0 = Debug|Any CPU
		{877A7D33-AB1C-4928-9D64-390931B16F1B}.Release|Any CPU.ActiveCfg = Release|Any CPU
		{877A7D33-AB1C-4928-9D64-390931B16F1B}.Release|Any CPU.Build.0 = Release|Any CPU
		{2F16B04C-6FAD-406A-832C-15D5AD4D5C9B}.Debug|Any CPU.ActiveCfg = Debug|Any CPU
		{2F16B04C-6FAD-406A-832C-15D5AD4D5C9B}.Debug|Any CPU.Build.0 = Debug|Any CPU
		{2F16B04C-6FAD-406A-832C-15D5AD4D5C9B}.Release|Any CPU.ActiveCfg = Release|Any CPU
		{2F16B04C-6FAD-406A-832C-15D5AD4D5C9B}.Release|Any CPU.Build.0 = Release|Any CPU
		{3731A65E-17A0-4902-9BB0-C4719AF038B4}.Debug|Any CPU.ActiveCfg = Debug|Any CPU
		{3731A65E-17A0-4902-9BB0-C4719AF038B4}.Debug|Any CPU.Build.0 = Debug|Any CPU
		{3731A65E-17A0-4902-9BB0-C4719AF038B4}.Release|Any CPU.ActiveCfg = Release|Any CPU
		{3731A65E-17A0-4902-9BB0-C4719AF038B4}.Release|Any CPU.Build.0 = Release|Any CPU
		{10AC6623-7204-4506-944E-AE09A7C94C9D}.Debug|Any CPU.ActiveCfg = Debug|Any CPU
		{10AC6623-7204-4506-944E-AE09A7C94C9D}.Debug|Any CPU.Build.0 = Debug|Any CPU
		{10AC6623-7204-4506-944E-AE09A7C94C9D}.Release|Any CPU.ActiveCfg = Release|Any CPU
		{10AC6623-7204-4506-944E-AE09A7C94C9D}.Release|Any CPU.Build.0 = Release|Any CPU
		{7E946356-B621-4FB2-9B9D-3A7D7347F151}.Debug|Any CPU.ActiveCfg = Debug|Any CPU
		{7E946356-B621-4FB2-9B9D-3A7D7347F151}.Debug|Any CPU.Build.0 = Debug|Any CPU
		{7E946356-B621-4FB2-9B9D-3A7D7347F151}.Release|Any CPU.ActiveCfg = Release|Any CPU
		{7E946356-B621-4FB2-9B9D-3A7D7347F151}.Release|Any CPU.Build.0 = Release|Any CPU
	EndGlobalSection
	GlobalSection(SolutionProperties) = preSolution
		HideSolutionNode = FALSE
	EndGlobalSection
	GlobalSection(NestedProjects) = preSolution
		{877A7D33-AB1C-4928-9D64-390931B16F1B} = {B00F4833-659E-4249-B1E6-229D41AC7051}
		{2F16B04C-6FAD-406A-832C-15D5AD4D5C9B} = {B00F4833-659E-4249-B1E6-229D41AC7051}
		{3731A65E-17A0-4902-9BB0-C4719AF038B4} = {5CF52AC0-C2F2-47EF-9530-12B04D4D29CB}
		{10AC6623-7204-4506-944E-AE09A7C94C9D} = {5CF52AC0-C2F2-47EF-9530-12B04D4D29CB}
		{7E946356-B621-4FB2-9B9D-3A7D7347F151} = {5CF52AC0-C2F2-47EF-9530-12B04D4D29CB}
	EndGlobalSection
	GlobalSection(ExtensibilityGlobals) = postSolution
		SolutionGuid = {14FCB7DB-38F5-4913-9C02-B62E24B6C57D}
	EndGlobalSection
EndGlobal
